{
  "name": "pareto-stream-api",
  "version": "0.1.39",
  "lockfileVersion": 3,
  "requires": true,
  "packages": {
    "": {
      "name": "pareto-stream-api",
      "version": "0.1.39",
      "license": "Apache-2.0",
      "dependencies": {
        "pareto-core": "^0.1.0"
      }
    },
    "node_modules/pareto-core": {
      "version": "0.1.304",
      "resolved": "https://registry.npmjs.org/pareto-core/-/pareto-core-0.1.304.tgz",
      "integrity": "sha512-oYx3U0vMN9mjc5PMxTq6wMdiqya/m4EY12dBEwgvXgBFxBlGzLma0nEKhSMRbGyoRh8u/QMHoz1wnKYqQA3f6g==",
      "license": "Apache-2.0"
    }
  }
}
