{
  "name": "pareto-stream-api",
  "version": "0.1.39",
  "lockfileVersion": 3,
  "requires": true,
  "packages": {
    "": {
      "name": "pareto-stream-api",
      "version": "0.1.39",
      "license": "Apache-2.0",
      "dependencies": {
        "pareto-core": "^0.1.0"
      }
    },
    "node_modules/pareto-core": {
      "version": "0.1.306",
      "resolved": "https://registry.npmjs.org/pareto-core/-/pareto-core-0.1.306.tgz",
      "integrity": "sha512-YkCn/miz3yECeBqZh1nDOcRPZ0m9C0FiKUQuSUoQLmRFCNJffN9Rdl6JD9y8n8GJODYDwDDTv+OG0D9hXUQd7g==",
      "license": "Apache-2.0"
    }
  }
}
